
Microsoft Visual Studio Solution File, Format Version 12.00
# Visual Studio 15
VisualStudioVersion = 15.0.28307.168
MinimumVisualStudioVersion = 10.0.40219.1
Project("{8BC9CEB8-8B4A-11D0-8D11-00A0C91BC942}") = "P02", "P02\P02.vcxproj", "{6E5AE079-2EDB-483A-BDA0-BFF747FDE5DA}"
EndProject
Global
	GlobalSection(SolutionConfigurationPlatforms) = preSolution
		Debug|x64 = Debug|x64
		Debug|x86 = Debug|x86
		Release|x64 = Release|x64
		Release|x86 = Release|x86
	EndGlobalSection
	GlobalSection(ProjectConfigurationPlatforms) = postSolution
		{6E5AE079-2EDB-483A-BDA0-BFF747FDE5DA}.Debug|x64.ActiveCfg = Debug|x64
		{6E5AE079-2EDB-483A-BDA0-BFF747FDE5DA}.Debug|x64.Build.0 = Debug|x64
		{6E5AE079-2EDB-483A-BDA0-BFF747FDE5DA}.Debug|x86.ActiveCfg = Debug|Win32
		{6E5AE079-2EDB-483A-BDA0-BFF747FDE5DA}.Debug|x86.Build.0 = Debug|Win32
		{6E5AE079-2EDB-483A-BDA0-BFF747FDE5DA}.Release|x64.ActiveCfg = Release|x64
		{6E5AE079-2EDB-483A-BDA0-BFF747FDE5DA}.Release|x64.Build.0 = Release|x64
		{6E5AE079-2EDB-483A-BDA0-BFF747FDE5DA}.Release|x86.ActiveCfg = Release|Win32
		{6E5AE079-2EDB-483A-BDA0-BFF747FDE5DA}.Release|x86.Build.0 = Release|Win32
	EndGlobalSection
	GlobalSection(SolutionProperties) = preSolution
		HideSolutionNode = FALSE
	EndGlobalSection
	GlobalSection(ExtensibilityGlobals) = postSolution
		SolutionGuid = {384F74B6-4730-4452-9869-BADCB743A820}
	EndGlobalSection
EndGlobal
